
Microsoft Visual Studio Solution File, Format Version 12.00
# Visual Studio 2013
VisualStudioVersion = 12.0.40629.0
MinimumVisualStudioVersion = 10.0.40219.1
Project("{FAE04EC0-301F-11D3-BF4B-00C04F79EFBC}") = "MailMerge2000", "MailMerge2000\MailMerge2000.csproj", "{985DEF1B-BDB8-4CD9-BA8B-F1016CB9385E}"
EndProject
Global
	GlobalSection(SolutionConfigurationPlatforms) = preSolution
		Debug|Any CPU = Debug|Any CPU
		Release|Any CPU = Release|Any CPU
	EndGlobalSection
	GlobalSection(ProjectConfigurationPlatforms) = postSolution
		{985DEF1B-BDB8-4CD9-BA8B-F1016CB9385E}.Debug|Any CPU.ActiveCfg = Debug|Any CPU
		{985DEF1B-BDB8-4CD9-BA8B-F1016CB9385E}.Debug|Any CPU.Build.0 = Debug|Any CPU
		{985DEF1B-BDB8-4CD9-BA8B-F1016CB9385E}.Release|Any CPU.ActiveCfg = Release|Any CPU
		{985DEF1B-BDB8-4CD9-BA8B-F1016CB9385E}.Release|Any CPU.Build.0 = Release|Any CPU
	EndGlobalSection
	GlobalSection(SolutionProperties) = preSolution
		HideSolutionNode = FALSE
	EndGlobalSection
EndGlobal
